
Microsoft Visual Studio Solution File, Format Version 12.00
# Visual Studio Version 17
VisualStudioVersion = 17.14.36414.22 d17.14
MinimumVisualStudioVersion = 10.0.40219.1
Project("{FAE04EC0-301F-11D3-BF4B-00C04F79EFBC}") = "POO_Ex4", "POO_Ex4\POO_Ex4.csproj", "{6C97DEB2-A920-4282-B491-8174E284F3AD}"
EndProject
Global
	GlobalSection(SolutionConfigurationPlatforms) = preSolution
		Debug|Any CPU = Debug|Any CPU
		Release|Any CPU = Release|Any CPU
	EndGlobalSection
	GlobalSection(ProjectConfigurationPlatforms) = postSolution
		{6C97DEB2-A920-4282-B491-8174E284F3AD}.Debug|Any CPU.ActiveCfg = Debug|Any CPU
		{6C97DEB2-A920-4282-B491-8174E284F3AD}.Debug|Any CPU.Build.0 = Debug|Any CPU
		{6C97DEB2-A920-4282-B491-8174E284F3AD}.Release|Any CPU.ActiveCfg = Release|Any CPU
		{6C97DEB2-A920-4282-B491-8174E284F3AD}.Release|Any CPU.Build.0 = Release|Any CPU
	EndGlobalSection
	GlobalSection(SolutionProperties) = preSolution
		HideSolutionNode = FALSE
	EndGlobalSection
	GlobalSection(ExtensibilityGlobals) = postSolution
		SolutionGuid = {6B38CE5C-F32C-4D24-9429-AB063BE91E33}
	EndGlobalSection
EndGlobal
