
Microsoft Visual Studio Solution File, Format Version 12.00
# Visual Studio Version 17
VisualStudioVersion = 17.14.36414.22 d17.14
MinimumVisualStudioVersion = 10.0.40219.1
Project("{FAE04EC0-301F-11D3-BF4B-00C04F79EFBC}") = "POO_Ex8", "POO_Ex8\POO_Ex8.csproj", "{A7BE6904-47B4-4637-A311-651ED50530DF}"
EndProject
Global
	GlobalSection(SolutionConfigurationPlatforms) = preSolution
		Debug|Any CPU = Debug|Any CPU
		Release|Any CPU = Release|Any CPU
	EndGlobalSection
	GlobalSection(ProjectConfigurationPlatforms) = postSolution
		{A7BE6904-47B4-4637-A311-651ED50530DF}.Debug|Any CPU.ActiveCfg = Debug|Any CPU
		{A7BE6904-47B4-4637-A311-651ED50530DF}.Debug|Any CPU.Build.0 = Debug|Any CPU
		{A7BE6904-47B4-4637-A311-651ED50530DF}.Release|Any CPU.ActiveCfg = Release|Any CPU
		{A7BE6904-47B4-4637-A311-651ED50530DF}.Release|Any CPU.Build.0 = Release|Any CPU
	EndGlobalSection
	GlobalSection(SolutionProperties) = preSolution
		HideSolutionNode = FALSE
	EndGlobalSection
	GlobalSection(ExtensibilityGlobals) = postSolution
		SolutionGuid = {E8DC2CD0-8C82-4C36-912C-8EF099E8F4C1}
	EndGlobalSection
EndGlobal
