
Microsoft Visual Studio Solution File, Format Version 12.00
# Visual Studio Version 17
VisualStudioVersion = 17.14.36414.22 d17.14
MinimumVisualStudioVersion = 10.0.40219.1
Project("{FAE04EC0-301F-11D3-BF4B-00C04F79EFBC}") = "POO_Ex1", "POO_Ex1\POO_Ex1.csproj", "{DBCB292A-C449-46AB-B052-B8E6D20A05F0}"
EndProject
Global
	GlobalSection(SolutionConfigurationPlatforms) = preSolution
		Debug|Any CPU = Debug|Any CPU
		Release|Any CPU = Release|Any CPU
	EndGlobalSection
	GlobalSection(ProjectConfigurationPlatforms) = postSolution
		{DBCB292A-C449-46AB-B052-B8E6D20A05F0}.Debug|Any CPU.ActiveCfg = Debug|Any CPU
		{DBCB292A-C449-46AB-B052-B8E6D20A05F0}.Debug|Any CPU.Build.0 = Debug|Any CPU
		{DBCB292A-C449-46AB-B052-B8E6D20A05F0}.Release|Any CPU.ActiveCfg = Release|Any CPU
		{DBCB292A-C449-46AB-B052-B8E6D20A05F0}.Release|Any CPU.Build.0 = Release|Any CPU
	EndGlobalSection
	GlobalSection(SolutionProperties) = preSolution
		HideSolutionNode = FALSE
	EndGlobalSection
	GlobalSection(ExtensibilityGlobals) = postSolution
		SolutionGuid = {28F34CDF-04A0-42E4-819E-62C981E4E146}
	EndGlobalSection
EndGlobal
