
Microsoft Visual Studio Solution File, Format Version 12.00
# Visual Studio Version 17
VisualStudioVersion = 17.14.36414.22 d17.14
MinimumVisualStudioVersion = 10.0.40219.1
Project("{FAE04EC0-301F-11D3-BF4B-00C04F79EFBC}") = "POO_Ex3", "POO_Ex3\POO_Ex3.csproj", "{DCF39BDD-185D-4B2F-B481-0ADC2ED5BFEE}"
EndProject
Global
	GlobalSection(SolutionConfigurationPlatforms) = preSolution
		Debug|Any CPU = Debug|Any CPU
		Release|Any CPU = Release|Any CPU
	EndGlobalSection
	GlobalSection(ProjectConfigurationPlatforms) = postSolution
		{DCF39BDD-185D-4B2F-B481-0ADC2ED5BFEE}.Debug|Any CPU.ActiveCfg = Debug|Any CPU
		{DCF39BDD-185D-4B2F-B481-0ADC2ED5BFEE}.Debug|Any CPU.Build.0 = Debug|Any CPU
		{DCF39BDD-185D-4B2F-B481-0ADC2ED5BFEE}.Release|Any CPU.ActiveCfg = Release|Any CPU
		{DCF39BDD-185D-4B2F-B481-0ADC2ED5BFEE}.Release|Any CPU.Build.0 = Release|Any CPU
	EndGlobalSection
	GlobalSection(SolutionProperties) = preSolution
		HideSolutionNode = FALSE
	EndGlobalSection
	GlobalSection(ExtensibilityGlobals) = postSolution
		SolutionGuid = {4C35E972-3281-4457-A254-406639E22363}
	EndGlobalSection
EndGlobal
